{
  "name": "apigee-js-examples",
  "version": "0.4.37",
  "lockfileVersion": 2,
  "requires": true,
  "packages": {
    "": {
      "name": "apigee-js-examples",
      "version": "0.4.37",
      "license": "Apache-2.0",
      "dependencies": {
        "@peculiar/x509": "^1.2.2",
        "@xmldom/xmldom": "^0.7.5",
        "adm-zip": "^0.4.16",
        "apigee-edge-js": "../apigee-edge-js",
        "debug": "^4.3.3",
        "mkdirp": "1.0.3",
        "netrc": "0.1.3",
        "node-getopt": "git://github.com/tuxpoldo/node-getopt.git#05e498731c14b648fa332ca78d3a301c5e4be440",
        "node-jose": "^2.0.0",
        "node-rsa": "0.4.2",
        "p-limit": "^3.1.0",
        "readline-sync": "1.4.9",
        "request-debug": "^0.2.0",
        "sprintf-js": "1.1.2",
        "tmp-promise": "^3.0.3",
        "uuid": "^7.0.3",
        "xpath": "^0.0.32"
      },
      "engines": {
        "node": ">= 12.22.0",
        "npm": ">= 8.3.0"
      }
    },
    "../apigee-edge-js": {
      "name": "apigee-edge-js-sca",
      "version": "0.4.36-SCA",
      "license": "Apache-2.0",
      "dependencies": {
        "adm-zip": "^0.5.9",
        "archiver": "5.3.1",
        "dateformat": "3.0.3",
        "debug": "^4.3.3",
        "netrc": "0.1.3",
        "postman-request": "^2.88.1-postman.33",
        "qs": "^6.5.3",
        "readline-sync": "1.4.9",
        "sprintf-js": "1.1.2",
        "url-join": "2.0.x",
        "xml2js": "0.5.0"
      },
      "devDependencies": {
        "chai": "4.2.0",
        "chai-as-promised": "^7.1.1",
        "faker": "4.1.0",
        "mocha": "^9.2.2",
        "mocha-badge-generator": "^0.11.0",
        "mocha-multi-reporters": "^1.1.7"
      },
      "engines": {
        "node": ">= 16.13.1",
        "npm": ">= 8.3.0"
      }
    },
    "node_modules/@peculiar/asn1-cms": {
      "version": "2.3.8",
      "resolved": "https://registry.npmjs.org/@peculiar/asn1-cms/-/asn1-cms-2.3.8.tgz",
      "integrity": "sha512-Wtk9R7yQxGaIaawHorWKP2OOOm/RZzamOmSWwaqGphIuU6TcKYih0slL6asZlSSZtVoYTrBfrddSOD/jTu9vuQ==",
      "dependencies": {
        "@peculiar/asn1-schema": "^2.3.8",
        "@peculiar/asn1-x509": "^2.3.8",
        "@peculiar/asn1-x509-attr": "^2.3.8",
        "asn1js": "^3.0.5",
        "tslib": "^2.6.2"
      }
    },
    "node_modules/@peculiar/asn1-csr": {
      "version": "2.3.8",
      "resolved": "https://registry.npmjs.org/@peculiar/asn1-csr/-/asn1-csr-2.3.8.tgz",
      "integrity": "sha512-ZmAaP2hfzgIGdMLcot8gHTykzoI+X/S53x1xoGbTmratETIaAbSWMiPGvZmXRA0SNEIydpMkzYtq4fQBxN1u1w==",
      "dependencies": {
        "@peculiar/asn1-schema": "^2.3.8",
        "@peculiar/asn1-x509": "^2.3.8",
        "asn1js": "^3.0.5",
        "tslib": "^2.6.2"
      }
    },
    "node_modules/@peculiar/asn1-ecc": {
      "version": "2.3.8",
      "resolved": "https://registry.npmjs.org/@peculiar/asn1-ecc/-/asn1-ecc-2.3.8.tgz",
      "integrity": "sha512-Ah/Q15y3A/CtxbPibiLM/LKcMbnLTdUdLHUgdpB5f60sSvGkXzxJCu5ezGTFHogZXWNX3KSmYqilCrfdmBc6pQ==",
      "dependencies": {
        "@peculiar/asn1-schema": "^2.3.8",
        "@peculiar/asn1-x509": "^2.3.8",
        "asn1js": "^3.0.5",
        "tslib": "^2.6.2"
      }
    },
    "node_modules/@peculiar/asn1-pfx": {
      "version": "2.3.8",
      "resolved": "https://registry.npmjs.org/@peculiar/asn1-pfx/-/asn1-pfx-2.3.8.tgz",
      "integrity": "sha512-XhdnCVznMmSmgy68B9pVxiZ1XkKoE1BjO4Hv+eUGiY1pM14msLsFZ3N7K46SoITIVZLq92kKkXpGiTfRjlNLyg==",
      "dependencies": {
        "@peculiar/asn1-cms": "^2.3.8",
        "@peculiar/asn1-pkcs8": "^2.3.8",
        "@peculiar/asn1-rsa": "^2.3.8",
        "@peculiar/asn1-schema": "^2.3.8",
        "asn1js": "^3.0.5",
        "tslib": "^2.6.2"
      }
    },
    "node_modules/@peculiar/asn1-pkcs8": {
      "version": "2.3.8",
      "resolved": "https://registry.npmjs.org/@peculiar/asn1-pkcs8/-/asn1-pkcs8-2.3.8.tgz",
      "integrity": "sha512-rL8k2x59v8lZiwLRqdMMmOJ30GHt6yuHISFIuuWivWjAJjnxzZBVzMTQ72sknX5MeTSSvGwPmEFk2/N8+UztFQ==",
      "dependencies": {
        "@peculiar/asn1-schema": "^2.3.8",
        "@peculiar/asn1-x509": "^2.3.8",
        "asn1js": "^3.0.5",
        "tslib": "^2.6.2"
      }
    },
    "node_modules/@peculiar/asn1-pkcs9": {
      "version": "2.3.8",
      "resolved": "https://registry.npmjs.org/@peculiar/asn1-pkcs9/-/asn1-pkcs9-2.3.8.tgz",
      "integrity": "sha512-+nONq5tcK7vm3qdY7ZKoSQGQjhJYMJbwJGbXLFOhmqsFIxEWyQPHyV99+wshOjpOjg0wUSSkEEzX2hx5P6EKeQ==",
      "dependencies": {
        "@peculiar/asn1-cms": "^2.3.8",
        "@peculiar/asn1-pfx": "^2.3.8",
        "@peculiar/asn1-pkcs8": "^2.3.8",
        "@peculiar/asn1-schema": "^2.3.8",
        "@peculiar/asn1-x509": "^2.3.8",
        "@peculiar/asn1-x509-attr": "^2.3.8",
        "asn1js": "^3.0.5",
        "tslib": "^2.6.2"
      }
    },
    "node_modules/@peculiar/asn1-rsa": {
      "version": "2.3.8",
      "resolved": "https://registry.npmjs.org/@peculiar/asn1-rsa/-/asn1-rsa-2.3.8.tgz",
      "integrity": "sha512-ES/RVEHu8VMYXgrg3gjb1m/XG0KJWnV4qyZZ7mAg7rrF3VTmRbLxO8mk+uy0Hme7geSMebp+Wvi2U6RLLEs12Q==",
      "dependencies": {
        "@peculiar/asn1-schema": "^2.3.8",
        "@peculiar/asn1-x509": "^2.3.8",
        "asn1js": "^3.0.5",
        "tslib": "^2.6.2"
      }
    },
    "node_modules/@peculiar/asn1-schema": {
      "version": "2.3.8",
      "resolved": "https://registry.npmjs.org/@peculiar/asn1-schema/-/asn1-schema-2.3.8.tgz",
      "integrity": "sha512-ULB1XqHKx1WBU/tTFIA+uARuRoBVZ4pNdOA878RDrRbBfBGcSzi5HBkdScC6ZbHn8z7L8gmKCgPC1LHRrP46tA==",
      "dependencies": {
        "asn1js": "^3.0.5",
        "pvtsutils": "^1.3.5",
        "tslib": "^2.6.2"
      }
    },
    "node_modules/@peculiar/asn1-x509": {
      "version": "2.3.8",
      "resolved": "https://registry.npmjs.org/@peculiar/asn1-x509/-/asn1-x509-2.3.8.tgz",
      "integrity": "sha512-voKxGfDU1c6r9mKiN5ZUsZWh3Dy1BABvTM3cimf0tztNwyMJPhiXY94eRTgsMQe6ViLfT6EoXxkWVzcm3mFAFw==",
      "dependencies": {
        "@peculiar/asn1-schema": "^2.3.8",
        "asn1js": "^3.0.5",
        "ipaddr.js": "^2.1.0",
        "pvtsutils": "^1.3.5",
        "tslib": "^2.6.2"
      }
    },
    "node_modules/@peculiar/asn1-x509-attr": {
      "version": "2.3.8",
      "resolved": "https://registry.npmjs.org/@peculiar/asn1-x509-attr/-/asn1-x509-attr-2.3.8.tgz",
      "integrity": "sha512-4Z8mSN95MOuX04Aku9BUyMdsMKtVQUqWnr627IheiWnwFoheUhX3R4Y2zh23M7m80r4/WG8MOAckRKc77IRv6g==",
      "dependencies": {
        "@peculiar/asn1-schema": "^2.3.8",
        "@peculiar/asn1-x509": "^2.3.8",
        "asn1js": "^3.0.5",
        "tslib": "^2.6.2"
      }
    },
    "node_modules/@peculiar/x509": {
      "version": "1.11.0",
      "resolved": "https://registry.npmjs.org/@peculiar/x509/-/x509-1.11.0.tgz",
      "integrity": "sha512-8rdxE//tsWLb2Yo2TYO2P8gieStbrHK/huFMV5PPfwX8I5HmtOus+Ox6nTKrPA9o+WOPaa5xKenee+QdmHBd5g==",
      "dependencies": {
        "@peculiar/asn1-cms": "^2.3.8",
        "@peculiar/asn1-csr": "^2.3.8",
        "@peculiar/asn1-ecc": "^2.3.8",
        "@peculiar/asn1-pkcs9": "^2.3.8",
        "@peculiar/asn1-rsa": "^2.3.8",
        "@peculiar/asn1-schema": "^2.3.8",
        "@peculiar/asn1-x509": "^2.3.8",
        "pvtsutils": "^1.3.5",
        "reflect-metadata": "^0.2.2",
        "tslib": "^2.6.2",
        "tsyringe": "^4.8.0"
      }
    },
    "node_modules/@xmldom/xmldom": {
      "version": "0.7.13",
      "resolved": "https://registry.npmjs.org/@xmldom/xmldom/-/xmldom-0.7.13.tgz",
      "integrity": "sha512-lm2GW5PkosIzccsaZIz7tp8cPADSIlIHWDFTR1N0SzfinhhYgeIQjFMz4rYzanCScr3DqQLeomUDArp6MWKm+g==",
      "engines": {
        "node": ">=10.0.0"
      }
    },
    "node_modules/adm-zip": {
      "version": "0.4.16",
      "resolved": "https://registry.npmjs.org/adm-zip/-/adm-zip-0.4.16.tgz",
      "integrity": "sha512-TFi4HBKSGfIKsK5YCkKaaFG2m4PEDyViZmEwof3MTIgzimHLto6muaHVpbrljdIvIrFZzEq/p4nafOeLcYegrg==",
      "engines": {
        "node": ">=0.3.0"
      }
    },
    "node_modules/apigee-edge-js": {
      "resolved": "../apigee-edge-js",
      "link": true
    },
    "node_modules/asn1js": {
      "version": "3.0.5",
      "resolved": "https://registry.npmjs.org/asn1js/-/asn1js-3.0.5.tgz",
      "integrity": "sha512-FVnvrKJwpt9LP2lAMl8qZswRNm3T4q9CON+bxldk2iwk3FFpuwhx2FfinyitizWHsVYyaY+y5JzDR0rCMV5yTQ==",
      "dependencies": {
        "pvtsutils": "^1.3.2",
        "pvutils": "^1.1.3",
        "tslib": "^2.4.0"
      },
      "engines": {
        "node": ">=12.0.0"
      }
    },
    "node_modules/base64-js": {
      "version": "1.5.1",
      "resolved": "https://registry.npmjs.org/base64-js/-/base64-js-1.5.1.tgz",
      "integrity": "sha512-AKpaYlHn8t4SVbOHCy+b5+KKgvR4vrsD8vbvrbiQJps7fKDTkjkDry6ji0rUJjC0kzbNePLwzxq8iypo41qeWA==",
      "funding": [
        {
          "type": "github",
          "url": "https://github.com/sponsors/feross"
        },
        {
          "type": "patreon",
          "url": "https://www.patreon.com/feross"
        },
        {
          "type": "consulting",
          "url": "https://feross.org/support"
        }
      ]
    },
    "node_modules/base64url": {
      "version": "3.0.1",
      "resolved": "https://registry.npmjs.org/base64url/-/base64url-3.0.1.tgz",
      "integrity": "sha512-ir1UPr3dkwexU7FdV8qBBbNDRUhMmIekYMFZfi+C/sLNnRESKPl23nB9b2pltqfOQNnGzsDdId90AEtG5tCx4A==",
      "engines": {
        "node": ">=6.0.0"
      }
    },
    "node_modules/debug": {
      "version": "4.3.5",
      "resolved": "https://registry.npmjs.org/debug/-/debug-4.3.5.tgz",
      "integrity": "sha512-pt0bNEmneDIvdL1Xsd9oDQ/wrQRkXDT4AUWlNZNPKvW5x/jyO9VFXkJUP07vQ2upmw5PlaITaPKc31jK13V+jg==",
      "dependencies": {
        "ms": "2.1.2"
      },
      "engines": {
        "node": ">=6.0"
      },
      "peerDependenciesMeta": {
        "supports-color": {
          "optional": true
        }
      }
    },
    "node_modules/es6-promise": {
      "version": "4.2.8",
      "resolved": "https://registry.npmjs.org/es6-promise/-/es6-promise-4.2.8.tgz",
      "integrity": "sha512-HJDGx5daxeIvxdBxvG2cb9g4tEvwIk3i8+nhX0yGrYmZUzbkdg8QbDevheDB8gd0//uPj4c1EQua8Q+MViT0/w=="
    },
    "node_modules/ieee754": {
      "version": "1.2.1",
      "resolved": "https://registry.npmjs.org/ieee754/-/ieee754-1.2.1.tgz",
      "integrity": "sha512-dcyqhDvX1C46lXZcVqCpK+FtMRQVdIMN6/Df5js2zouUsqG7I6sFxitIC+7KYK29KdXOLHdu9zL4sFnoVQnqaA==",
      "funding": [
        {
          "type": "github",
          "url": "https://github.com/sponsors/feross"
        },
        {
          "type": "patreon",
          "url": "https://www.patreon.com/feross"
        },
        {
          "type": "consulting",
          "url": "https://feross.org/support"
        }
      ]
    },
    "node_modules/ipaddr.js": {
      "version": "2.2.0",
      "resolved": "https://registry.npmjs.org/ipaddr.js/-/ipaddr.js-2.2.0.tgz",
      "integrity": "sha512-Ag3wB2o37wslZS19hZqorUnrnzSkpOVy+IiiDEiTqNubEYpYuHWIf6K4psgN2ZWKExS4xhVCrRVfb/wfW8fWJA==",
      "engines": {
        "node": ">= 10"
      }
    },
    "node_modules/lodash": {
      "version": "4.17.21",
      "resolved": "https://registry.npmjs.org/lodash/-/lodash-4.17.21.tgz",
      "integrity": "sha512-v2kDEe57lecTulaDIuNTPy3Ry4gLGJ6Z1O3vE1krgXZNrsQ+LFTGHVxVjcXPs17LhbZVGedAJv8XZ1tvj5FvSg=="
    },
    "node_modules/long": {
      "version": "5.2.3",
      "resolved": "https://registry.npmjs.org/long/-/long-5.2.3.tgz",
      "integrity": "sha512-lcHwpNoggQTObv5apGNCTdJrO69eHOZMi4BNC+rTLER8iHAqGrUVeLh/irVIM7zTw2bOXA8T6uNPeujwOLg/2Q=="
    },
    "node_modules/mkdirp": {
      "version": "1.0.3",
      "resolved": "https://registry.npmjs.org/mkdirp/-/mkdirp-1.0.3.tgz",
      "integrity": "sha512-6uCP4Qc0sWsgMLy1EOqqS/3rjDHOEnsStVr/4vtAIK2Y5i2kA7lFFejYrpIyiN9w0pYf4ckeCYT9f1r1P9KX5g==",
      "bin": {
        "mkdirp": "bin/cmd.js"
      },
      "engines": {
        "node": ">=10"
      }
    },
    "node_modules/ms": {
      "version": "2.1.2",
      "resolved": "https://registry.npmjs.org/ms/-/ms-2.1.2.tgz",
      "integrity": "sha512-sGkPx+VjMtmA6MX27oA4FBFELFCZZ4S4XqeGOXCv68tT+jb3vk/RyaKWP0PTKyWtmLSM0b+adUTEvbs1PEaH2w=="
    },
    "node_modules/netrc": {
      "version": "0.1.3",
      "resolved": "https://registry.npmjs.org/netrc/-/netrc-0.1.3.tgz",
      "integrity": "sha512-IjHWyKg4z5FgWp8+WQDK8h09cILYZQen62c2kbGnb1M7GTa7iP6CMFyRGojk5he8eB3VFoGhF0WBcNakLAXtjg=="
    },
    "node_modules/node-forge": {
      "version": "1.3.1",
      "resolved": "https://registry.npmjs.org/node-forge/-/node-forge-1.3.1.tgz",
      "integrity": "sha512-dPEtOeMvF9VMcYV/1Wb8CPoVAXtp6MKMlcbAt4ddqmGqUJ6fQZFXkNZNkNlfevtNkGtaSoXf/vNNNSvgrdXwtA==",
      "engines": {
        "node": ">= 6.13.0"
      }
    },
    "node_modules/node-getopt": {
      "version": "0.3.2",
      "resolved": "git+ssh://git@github.com/tuxpoldo/node-getopt.git#05e498731c14b648fa332ca78d3a301c5e4be440",
      "integrity": "sha512-RMR7zAijF+iEiV5VTHiI8VMWvJwW6BMLPcuFgi446v+90w4PjyraPGCG+9/bFsHVIEsOCtyOby3jKNctUhCICg==",
      "license": "MIT",
      "engines": {
        "node": ">= 0.6.0"
      }
    },
    "node_modules/node-jose": {
      "version": "2.2.0",
      "resolved": "https://registry.npmjs.org/node-jose/-/node-jose-2.2.0.tgz",
      "integrity": "sha512-XPCvJRr94SjLrSIm4pbYHKLEaOsDvJCpyFw/6V/KK/IXmyZ6SFBzAUDO9HQf4DB/nTEFcRGH87mNciOP23kFjw==",
      "dependencies": {
        "base64url": "^3.0.1",
        "buffer": "^6.0.3",
        "es6-promise": "^4.2.8",
        "lodash": "^4.17.21",
        "long": "^5.2.0",
        "node-forge": "^1.2.1",
        "pako": "^2.0.4",
        "process": "^0.11.10",
        "uuid": "^9.0.0"
      }
    },
    "node_modules/node-jose/node_modules/buffer": {
      "version": "6.0.3",
      "resolved": "https://registry.npmjs.org/buffer/-/buffer-6.0.3.tgz",
      "integrity": "sha512-FTiCpNxtwiZZHEZbcbTIcZjERVICn9yq/pDFkTl95/AxzD1naBctN7YO68riM/gLSDY7sdrMby8hofADYuuqOA==",
      "funding": [
        {
          "type": "github",
          "url": "https://github.com/sponsors/feross"
        },
        {
          "type": "patreon",
          "url": "https://www.patreon.com/feross"
        },
        {
          "type": "consulting",
          "url": "https://feross.org/support"
        }
      ],
      "dependencies": {
        "base64-js": "^1.3.1",
        "ieee754": "^1.2.1"
      }
    },
    "node_modules/node-jose/node_modules/uuid": {
      "version": "9.0.1",
      "resolved": "https://registry.npmjs.org/uuid/-/uuid-9.0.1.tgz",
      "integrity": "sha512-b+1eJOlsR9K8HJpow9Ok3fiWOWSIcIzXodvv0rQjVoOVNpWMpxf1wZNpt4y9h10odCNrqnYp1OBzRktckBe3sA==",
      "funding": [
        "https://github.com/sponsors/broofa",
        "https://github.com/sponsors/ctavan"
      ],
      "bin": {
        "uuid": "dist/bin/uuid"
      }
    },
    "node_modules/node-rsa": {
      "version": "0.4.2",
      "resolved": "https://registry.npmjs.org/node-rsa/-/node-rsa-0.4.2.tgz",
      "integrity": "sha512-Bvso6Zi9LY4otIZefYrscsUpo2mUpiAVIEmSZV2q41sP8tHZoert3Yu6zv4f/RXJqMNZQKCtnhDugIuCma23YA==",
      "dependencies": {
        "asn1": "0.2.3"
      }
    },
    "node_modules/node-rsa/node_modules/asn1": {
      "version": "0.2.3",
      "resolved": "https://registry.npmjs.org/asn1/-/asn1-0.2.3.tgz",
      "integrity": "sha512-6i37w/+EhlWlGUJff3T/Q8u1RGmP5wgbiwYnOnbOqvtrPxT63/sYFyP9RcpxtxGymtfA075IvmOnL7ycNOWl3w=="
    },
    "node_modules/p-limit": {
      "version": "3.1.0",
      "resolved": "https://registry.npmjs.org/p-limit/-/p-limit-3.1.0.tgz",
      "integrity": "sha512-TYOanM3wGwNGsZN2cVTYPArw454xnXj5qmWF1bEoAc4+cU/ol7GVh7odevjp1FNHduHc3KZMcFduxU5Xc6uJRQ==",
      "dependencies": {
        "yocto-queue": "^0.1.0"
      },
      "engines": {
        "node": ">=10"
      },
      "funding": {
        "url": "https://github.com/sponsors/sindresorhus"
      }
    },
    "node_modules/pako": {
      "version": "2.1.0",
      "resolved": "https://registry.npmjs.org/pako/-/pako-2.1.0.tgz",
      "integrity": "sha512-w+eufiZ1WuJYgPXbV/PO3NCMEc3xqylkKHzp8bxp1uW4qaSNQUkwmLLEc3kKsfz8lpV1F8Ht3U1Cm+9Srog2ug=="
    },
    "node_modules/process": {
      "version": "0.11.10",
      "resolved": "https://registry.npmjs.org/process/-/process-0.11.10.tgz",
      "integrity": "sha512-cdGef/drWFoydD1JsMzuFf8100nZl+GT+yacc2bEced5f9Rjk4z+WtFUTBu9PhOi9j/jfmBPu0mMEY4wIdAF8A==",
      "engines": {
        "node": ">= 0.6.0"
      }
    },
    "node_modules/pvtsutils": {
      "version": "1.3.5",
      "resolved": "https://registry.npmjs.org/pvtsutils/-/pvtsutils-1.3.5.tgz",
      "integrity": "sha512-ARvb14YB9Nm2Xi6nBq1ZX6dAM0FsJnuk+31aUp4TrcZEdKUlSqOqsxJHUPJDNE3qiIp+iUPEIeR6Je/tgV7zsA==",
      "dependencies": {
        "tslib": "^2.6.1"
      }
    },
    "node_modules/pvutils": {
      "version": "1.1.3",
      "resolved": "https://registry.npmjs.org/pvutils/-/pvutils-1.1.3.tgz",
      "integrity": "sha512-pMpnA0qRdFp32b1sJl1wOJNxZLQ2cbQx+k6tjNtZ8CpvVhNqEPRgivZ2WOUev2YMajecdH7ctUPDvEe87nariQ==",
      "engines": {
        "node": ">=6.0.0"
      }
    },
    "node_modules/readline-sync": {
      "version": "1.4.9",
      "resolved": "https://registry.npmjs.org/readline-sync/-/readline-sync-1.4.9.tgz",
      "integrity": "sha512-mp5h1N39kuKbCRGebLPIKTBOhuDw55GaNg5S+K9TW9uDAS1wIHpGUc2YokdUMZJb8GqS49sWmWEDijaESYh0Hg==",
      "engines": {
        "node": ">= 0.8.0"
      }
    },
    "node_modules/reflect-metadata": {
      "version": "0.2.2",
      "resolved": "https://registry.npmjs.org/reflect-metadata/-/reflect-metadata-0.2.2.tgz",
      "integrity": "sha512-urBwgfrvVP/eAyXx4hluJivBKzuEbSQs9rKWCrCkbSxNv8mxPcUZKeuoF3Uy4mJl3Lwprp6yy5/39VWigZ4K6Q=="
    },
    "node_modules/request-debug": {
      "version": "0.2.0",
      "resolved": "https://registry.npmjs.org/request-debug/-/request-debug-0.2.0.tgz",
      "integrity": "sha512-NWYi/Gz4xKSkK1oPAsLLjMkSbp4aaW77fxPGe7uoKg1bgN7qXKVI5S/Cm/cubTKD62yJd7eKQLdlQ9QRLhgvvA==",
      "dependencies": {
        "stringify-clone": "^1.0.0"
      }
    },
    "node_modules/sprintf-js": {
      "version": "1.1.2",
      "resolved": "https://registry.npmjs.org/sprintf-js/-/sprintf-js-1.1.2.tgz",
      "integrity": "sha512-VE0SOVEHCk7Qc8ulkWw3ntAzXuqf7S2lvwQaDLRnUeIEaKNQJzV6BwmLKhOqT61aGhfUMrXeaBk+oDGCzvhcug=="
    },
    "node_modules/stringify-clone": {
      "version": "1.1.1",
      "resolved": "https://registry.npmjs.org/stringify-clone/-/stringify-clone-1.1.1.tgz",
      "integrity": "sha512-LIFpvBnQJF3ZGoV770s3feH+wRVCMRSisI8fl1E57WfgKOZKUMaC1r4eJXybwGgXZ/iTTJoK/tsOku1GLPyyxQ==",
      "engines": {
        "node": ">=0.8"
      }
    },
    "node_modules/tmp": {
      "version": "0.2.3",
      "resolved": "https://registry.npmjs.org/tmp/-/tmp-0.2.3.tgz",
      "integrity": "sha512-nZD7m9iCPC5g0pYmcaxogYKggSfLsdxl8of3Q/oIbqCqLLIO9IAF0GWjX1z9NZRHPiXv8Wex4yDCaZsgEw0Y8w==",
      "engines": {
        "node": ">=14.14"
      }
    },
    "node_modules/tmp-promise": {
      "version": "3.0.3",
      "resolved": "https://registry.npmjs.org/tmp-promise/-/tmp-promise-3.0.3.tgz",
      "integrity": "sha512-RwM7MoPojPxsOBYnyd2hy0bxtIlVrihNs9pj5SUvY8Zz1sQcQG2tG1hSr8PDxfgEB8RNKDhqbIlroIarSNDNsQ==",
      "dependencies": {
        "tmp": "^0.2.0"
      }
    },
    "node_modules/tslib": {
      "version": "2.6.3",
      "resolved": "https://registry.npmjs.org/tslib/-/tslib-2.6.3.tgz",
      "integrity": "sha512-xNvxJEOUiWPGhUuUdQgAJPKOOJfGnIyKySOc09XkKsgdUV/3E2zvwZYdejjmRgPCgcym1juLH3226yA7sEFJKQ=="
    },
    "node_modules/tsyringe": {
      "version": "4.8.0",
      "resolved": "https://registry.npmjs.org/tsyringe/-/tsyringe-4.8.0.tgz",
      "integrity": "sha512-YB1FG+axdxADa3ncEtRnQCFq/M0lALGLxSZeVNbTU8NqhOVc51nnv2CISTcvc1kyv6EGPtXVr0v6lWeDxiijOA==",
      "dependencies": {
        "tslib": "^1.9.3"
      },
      "engines": {
        "node": ">= 6.0.0"
      }
    },
    "node_modules/tsyringe/node_modules/tslib": {
      "version": "1.14.1",
      "resolved": "https://registry.npmjs.org/tslib/-/tslib-1.14.1.tgz",
      "integrity": "sha512-Xni35NKzjgMrwevysHTCArtLDpPvye8zV/0E4EyYn43P7/7qvQwPh9BGkHewbMulVntbigmcT7rdX3BNo9wRJg=="
    },
    "node_modules/uuid": {
      "version": "7.0.3",
      "resolved": "https://registry.npmjs.org/uuid/-/uuid-7.0.3.tgz",
      "integrity": "sha512-DPSke0pXhTZgoF/d+WSt2QaKMCFSfx7QegxEWT+JOuHF5aWrKEn0G+ztjuJg/gG8/ItK+rbPCD/yNv8yyih6Cg==",
      "bin": {
        "uuid": "dist/bin/uuid"
      }
    },
    "node_modules/xpath": {
      "version": "0.0.32",
      "resolved": "https://registry.npmjs.org/xpath/-/xpath-0.0.32.tgz",
      "integrity": "sha512-rxMJhSIoiO8vXcWvSifKqhvV96GjiD5wYb8/QHdoRyQvraTpp4IEv944nhGausZZ3u7dhQXteZuZbaqfpB7uYw==",
      "engines": {
        "node": ">=0.6.0"
      }
    },
    "node_modules/yocto-queue": {
      "version": "0.1.0",
      "resolved": "https://registry.npmjs.org/yocto-queue/-/yocto-queue-0.1.0.tgz",
      "integrity": "sha512-rVksvsnNCdJ/ohGc6xgPwyN8eheCxsiLM8mxuE/t/mOVqJewPuO1miLpTHQiRgTKCLexL4MeAFVagts7HmNZ2Q==",
      "engines": {
        "node": ">=10"
      },
      "funding": {
        "url": "https://github.com/sponsors/sindresorhus"
      }
    }
  },
  "dependencies": {
    "@peculiar/asn1-cms": {
      "version": "2.3.8",
      "resolved": "https://registry.npmjs.org/@peculiar/asn1-cms/-/asn1-cms-2.3.8.tgz",
      "integrity": "sha512-Wtk9R7yQxGaIaawHorWKP2OOOm/RZzamOmSWwaqGphIuU6TcKYih0slL6asZlSSZtVoYTrBfrddSOD/jTu9vuQ==",
      "requires": {
        "@peculiar/asn1-schema": "^2.3.8",
        "@peculiar/asn1-x509": "^2.3.8",
        "@peculiar/asn1-x509-attr": "^2.3.8",
        "asn1js": "^3.0.5",
        "tslib": "^2.6.2"
      }
    },
    "@peculiar/asn1-csr": {
      "version": "2.3.8",
      "resolved": "https://registry.npmjs.org/@peculiar/asn1-csr/-/asn1-csr-2.3.8.tgz",
      "integrity": "sha512-ZmAaP2hfzgIGdMLcot8gHTykzoI+X/S53x1xoGbTmratETIaAbSWMiPGvZmXRA0SNEIydpMkzYtq4fQBxN1u1w==",
      "requires": {
        "@peculiar/asn1-schema": "^2.3.8",
        "@peculiar/asn1-x509": "^2.3.8",
        "asn1js": "^3.0.5",
        "tslib": "^2.6.2"
      }
    },
    "@peculiar/asn1-ecc": {
      "version": "2.3.8",
      "resolved": "https://registry.npmjs.org/@peculiar/asn1-ecc/-/asn1-ecc-2.3.8.tgz",
      "integrity": "sha512-Ah/Q15y3A/CtxbPibiLM/LKcMbnLTdUdLHUgdpB5f60sSvGkXzxJCu5ezGTFHogZXWNX3KSmYqilCrfdmBc6pQ==",
      "requires": {
        "@peculiar/asn1-schema": "^2.3.8",
        "@peculiar/asn1-x509": "^2.3.8",
        "asn1js": "^3.0.5",
        "tslib": "^2.6.2"
      }
    },
    "@peculiar/asn1-pfx": {
      "version": "2.3.8",
      "resolved": "https://registry.npmjs.org/@peculiar/asn1-pfx/-/asn1-pfx-2.3.8.tgz",
      "integrity": "sha512-XhdnCVznMmSmgy68B9pVxiZ1XkKoE1BjO4Hv+eUGiY1pM14msLsFZ3N7K46SoITIVZLq92kKkXpGiTfRjlNLyg==",
      "requires": {
        "@peculiar/asn1-cms": "^2.3.8",
        "@peculiar/asn1-pkcs8": "^2.3.8",
        "@peculiar/asn1-rsa": "^2.3.8",
        "@peculiar/asn1-schema": "^2.3.8",
        "asn1js": "^3.0.5",
        "tslib": "^2.6.2"
      }
    },
    "@peculiar/asn1-pkcs8": {
      "version": "2.3.8",
      "resolved": "https://registry.npmjs.org/@peculiar/asn1-pkcs8/-/asn1-pkcs8-2.3.8.tgz",
      "integrity": "sha512-rL8k2x59v8lZiwLRqdMMmOJ30GHt6yuHISFIuuWivWjAJjnxzZBVzMTQ72sknX5MeTSSvGwPmEFk2/N8+UztFQ==",
      "requires": {
        "@peculiar/asn1-schema": "^2.3.8",
        "@peculiar/asn1-x509": "^2.3.8",
        "asn1js": "^3.0.5",
        "tslib": "^2.6.2"
      }
    },
    "@peculiar/asn1-pkcs9": {
      "version": "2.3.8",
      "resolved": "https://registry.npmjs.org/@peculiar/asn1-pkcs9/-/asn1-pkcs9-2.3.8.tgz",
      "integrity": "sha512-+nONq5tcK7vm3qdY7ZKoSQGQjhJYMJbwJGbXLFOhmqsFIxEWyQPHyV99+wshOjpOjg0wUSSkEEzX2hx5P6EKeQ==",
      "requires": {
        "@peculiar/asn1-cms": "^2.3.8",
        "@peculiar/asn1-pfx": "^2.3.8",
        "@peculiar/asn1-pkcs8": "^2.3.8",
        "@peculiar/asn1-schema": "^2.3.8",
        "@peculiar/asn1-x509": "^2.3.8",
        "@peculiar/asn1-x509-attr": "^2.3.8",
        "asn1js": "^3.0.5",
        "tslib": "^2.6.2"
      }
    },
    "@peculiar/asn1-rsa": {
      "version": "2.3.8",
      "resolved": "https://registry.npmjs.org/@peculiar/asn1-rsa/-/asn1-rsa-2.3.8.tgz",
      "integrity": "sha512-ES/RVEHu8VMYXgrg3gjb1m/XG0KJWnV4qyZZ7mAg7rrF3VTmRbLxO8mk+uy0Hme7geSMebp+Wvi2U6RLLEs12Q==",
      "requires": {
        "@peculiar/asn1-schema": "^2.3.8",
        "@peculiar/asn1-x509": "^2.3.8",
        "asn1js": "^3.0.5",
        "tslib": "^2.6.2"
      }
    },
    "@peculiar/asn1-schema": {
      "version": "2.3.8",
      "resolved": "https://registry.npmjs.org/@peculiar/asn1-schema/-/asn1-schema-2.3.8.tgz",
      "integrity": "sha512-ULB1XqHKx1WBU/tTFIA+uARuRoBVZ4pNdOA878RDrRbBfBGcSzi5HBkdScC6ZbHn8z7L8gmKCgPC1LHRrP46tA==",
      "requires": {
        "asn1js": "^3.0.5",
        "pvtsutils": "^1.3.5",
        "tslib": "^2.6.2"
      }
    },
    "@peculiar/asn1-x509": {
      "version": "2.3.8",
      "resolved": "https://registry.npmjs.org/@peculiar/asn1-x509/-/asn1-x509-2.3.8.tgz",
      "integrity": "sha512-voKxGfDU1c6r9mKiN5ZUsZWh3Dy1BABvTM3cimf0tztNwyMJPhiXY94eRTgsMQe6ViLfT6EoXxkWVzcm3mFAFw==",
      "requires": {
        "@peculiar/asn1-schema": "^2.3.8",
        "asn1js": "^3.0.5",
        "ipaddr.js": "^2.1.0",
        "pvtsutils": "^1.3.5",
        "tslib": "^2.6.2"
      }
    },
    "@peculiar/asn1-x509-attr": {
      "version": "2.3.8",
      "resolved": "https://registry.npmjs.org/@peculiar/asn1-x509-attr/-/asn1-x509-attr-2.3.8.tgz",
      "integrity": "sha512-4Z8mSN95MOuX04Aku9BUyMdsMKtVQUqWnr627IheiWnwFoheUhX3R4Y2zh23M7m80r4/WG8MOAckRKc77IRv6g==",
      "requires": {
        "@peculiar/asn1-schema": "^2.3.8",
        "@peculiar/asn1-x509": "^2.3.8",
        "asn1js": "^3.0.5",
        "tslib": "^2.6.2"
      }
    },
    "@peculiar/x509": {
      "version": "1.11.0",
      "resolved": "https://registry.npmjs.org/@peculiar/x509/-/x509-1.11.0.tgz",
      "integrity": "sha512-8rdxE//tsWLb2Yo2TYO2P8gieStbrHK/huFMV5PPfwX8I5HmtOus+Ox6nTKrPA9o+WOPaa5xKenee+QdmHBd5g==",
      "requires": {
        "@peculiar/asn1-cms": "^2.3.8",
        "@peculiar/asn1-csr": "^2.3.8",
        "@peculiar/asn1-ecc": "^2.3.8",
        "@peculiar/asn1-pkcs9": "^2.3.8",
        "@peculiar/asn1-rsa": "^2.3.8",
        "@peculiar/asn1-schema": "^2.3.8",
        "@peculiar/asn1-x509": "^2.3.8",
        "pvtsutils": "^1.3.5",
        "reflect-metadata": "^0.2.2",
        "tslib": "^2.6.2",
        "tsyringe": "^4.8.0"
      }
    },
    "@xmldom/xmldom": {
      "version": "0.7.13",
      "resolved": "https://registry.npmjs.org/@xmldom/xmldom/-/xmldom-0.7.13.tgz",
      "integrity": "sha512-lm2GW5PkosIzccsaZIz7tp8cPADSIlIHWDFTR1N0SzfinhhYgeIQjFMz4rYzanCScr3DqQLeomUDArp6MWKm+g=="
    },
    "adm-zip": {
      "version": "0.4.16",
      "resolved": "https://registry.npmjs.org/adm-zip/-/adm-zip-0.4.16.tgz",
      "integrity": "sha512-TFi4HBKSGfIKsK5YCkKaaFG2m4PEDyViZmEwof3MTIgzimHLto6muaHVpbrljdIvIrFZzEq/p4nafOeLcYegrg=="
    },
    "apigee-edge-js": {
      "version": "file:../apigee-edge-js",
      "requires": {
        "adm-zip": "^0.5.9",
        "archiver": "5.3.1",
        "chai": "4.2.0",
        "chai-as-promised": "^7.1.1",
        "dateformat": "3.0.3",
        "debug": "^4.3.3",
        "faker": "4.1.0",
        "mocha": "^9.2.2",
        "mocha-badge-generator": "^0.11.0",
        "mocha-multi-reporters": "^1.1.7",
        "netrc": "0.1.3",
        "postman-request": "^2.88.1-postman.33",
        "qs": "^6.5.3",
        "readline-sync": "1.4.9",
        "sprintf-js": "1.1.2",
        "url-join": "2.0.x",
        "xml2js": "0.5.0"
      }
    },
    "asn1js": {
      "version": "3.0.5",
      "resolved": "https://registry.npmjs.org/asn1js/-/asn1js-3.0.5.tgz",
      "integrity": "sha512-FVnvrKJwpt9LP2lAMl8qZswRNm3T4q9CON+bxldk2iwk3FFpuwhx2FfinyitizWHsVYyaY+y5JzDR0rCMV5yTQ==",
      "requires": {
        "pvtsutils": "^1.3.2",
        "pvutils": "^1.1.3",
        "tslib": "^2.4.0"
      }
    },
    "base64-js": {
      "version": "1.5.1",
      "resolved": "https://registry.npmjs.org/base64-js/-/base64-js-1.5.1.tgz",
      "integrity": "sha512-AKpaYlHn8t4SVbOHCy+b5+KKgvR4vrsD8vbvrbiQJps7fKDTkjkDry6ji0rUJjC0kzbNePLwzxq8iypo41qeWA=="
    },
    "base64url": {
      "version": "3.0.1",
      "resolved": "https://registry.npmjs.org/base64url/-/base64url-3.0.1.tgz",
      "integrity": "sha512-ir1UPr3dkwexU7FdV8qBBbNDRUhMmIekYMFZfi+C/sLNnRESKPl23nB9b2pltqfOQNnGzsDdId90AEtG5tCx4A=="
    },
    "debug": {
      "version": "4.3.5",
      "resolved": "https://registry.npmjs.org/debug/-/debug-4.3.5.tgz",
      "integrity": "sha512-pt0bNEmneDIvdL1Xsd9oDQ/wrQRkXDT4AUWlNZNPKvW5x/jyO9VFXkJUP07vQ2upmw5PlaITaPKc31jK13V+jg==",
      "requires": {
        "ms": "2.1.2"
      }
    },
    "es6-promise": {
      "version": "4.2.8",
      "resolved": "https://registry.npmjs.org/es6-promise/-/es6-promise-4.2.8.tgz",
      "integrity": "sha512-HJDGx5daxeIvxdBxvG2cb9g4tEvwIk3i8+nhX0yGrYmZUzbkdg8QbDevheDB8gd0//uPj4c1EQua8Q+MViT0/w=="
    },
    "ieee754": {
      "version": "1.2.1",
      "resolved": "https://registry.npmjs.org/ieee754/-/ieee754-1.2.1.tgz",
      "integrity": "sha512-dcyqhDvX1C46lXZcVqCpK+FtMRQVdIMN6/Df5js2zouUsqG7I6sFxitIC+7KYK29KdXOLHdu9zL4sFnoVQnqaA=="
    },
    "ipaddr.js": {
      "version": "2.2.0",
      "resolved": "https://registry.npmjs.org/ipaddr.js/-/ipaddr.js-2.2.0.tgz",
      "integrity": "sha512-Ag3wB2o37wslZS19hZqorUnrnzSkpOVy+IiiDEiTqNubEYpYuHWIf6K4psgN2ZWKExS4xhVCrRVfb/wfW8fWJA=="
    },
    "lodash": {
      "version": "4.17.21",
      "resolved": "https://registry.npmjs.org/lodash/-/lodash-4.17.21.tgz",
      "integrity": "sha512-v2kDEe57lecTulaDIuNTPy3Ry4gLGJ6Z1O3vE1krgXZNrsQ+LFTGHVxVjcXPs17LhbZVGedAJv8XZ1tvj5FvSg=="
    },
    "long": {
      "version": "5.2.3",
      "resolved": "https://registry.npmjs.org/long/-/long-5.2.3.tgz",
      "integrity": "sha512-lcHwpNoggQTObv5apGNCTdJrO69eHOZMi4BNC+rTLER8iHAqGrUVeLh/irVIM7zTw2bOXA8T6uNPeujwOLg/2Q=="
    },
    "mkdirp": {
      "version": "1.0.3",
      "resolved": "https://registry.npmjs.org/mkdirp/-/mkdirp-1.0.3.tgz",
      "integrity": "sha512-6uCP4Qc0sWsgMLy1EOqqS/3rjDHOEnsStVr/4vtAIK2Y5i2kA7lFFejYrpIyiN9w0pYf4ckeCYT9f1r1P9KX5g=="
    },
    "ms": {
      "version": "2.1.2",
      "resolved": "https://registry.npmjs.org/ms/-/ms-2.1.2.tgz",
      "integrity": "sha512-sGkPx+VjMtmA6MX27oA4FBFELFCZZ4S4XqeGOXCv68tT+jb3vk/RyaKWP0PTKyWtmLSM0b+adUTEvbs1PEaH2w=="
    },
    "netrc": {
      "version": "0.1.3",
      "resolved": "https://registry.npmjs.org/netrc/-/netrc-0.1.3.tgz",
      "integrity": "sha512-IjHWyKg4z5FgWp8+WQDK8h09cILYZQen62c2kbGnb1M7GTa7iP6CMFyRGojk5he8eB3VFoGhF0WBcNakLAXtjg=="
    },
    "node-forge": {
      "version": "1.3.1",
      "resolved": "https://registry.npmjs.org/node-forge/-/node-forge-1.3.1.tgz",
      "integrity": "sha512-dPEtOeMvF9VMcYV/1Wb8CPoVAXtp6MKMlcbAt4ddqmGqUJ6fQZFXkNZNkNlfevtNkGtaSoXf/vNNNSvgrdXwtA=="
    },
    "node-getopt": {
      "version": "git+ssh://git@github.com/tuxpoldo/node-getopt.git#05e498731c14b648fa332ca78d3a301c5e4be440",
      "integrity": "sha512-RMR7zAijF+iEiV5VTHiI8VMWvJwW6BMLPcuFgi446v+90w4PjyraPGCG+9/bFsHVIEsOCtyOby3jKNctUhCICg==",
      "from": "node-getopt@git://github.com/tuxpoldo/node-getopt.git#05e498731c14b648fa332ca78d3a301c5e4be440"
    },
    "node-jose": {
      "version": "2.2.0",
      "resolved": "https://registry.npmjs.org/node-jose/-/node-jose-2.2.0.tgz",
      "integrity": "sha512-XPCvJRr94SjLrSIm4pbYHKLEaOsDvJCpyFw/6V/KK/IXmyZ6SFBzAUDO9HQf4DB/nTEFcRGH87mNciOP23kFjw==",
      "requires": {
        "base64url": "^3.0.1",
        "buffer": "^6.0.3",
        "es6-promise": "^4.2.8",
        "lodash": "4.17.21",
        "long": "^5.2.0",
        "node-forge": "^1.2.1",
        "pako": "^2.0.4",
        "process": "^0.11.10",
        "uuid": "^9.0.0"
      },
      "dependencies": {
        "buffer": {
          "version": "6.0.3",
          "resolved": "https://registry.npmjs.org/buffer/-/buffer-6.0.3.tgz",
          "integrity": "sha512-FTiCpNxtwiZZHEZbcbTIcZjERVICn9yq/pDFkTl95/AxzD1naBctN7YO68riM/gLSDY7sdrMby8hofADYuuqOA==",
          "requires": {
            "base64-js": "^1.3.1",
            "ieee754": "^1.2.1"
          }
        },
        "uuid": {
          "version": "9.0.1",
          "resolved": "https://registry.npmjs.org/uuid/-/uuid-9.0.1.tgz",
          "integrity": "sha512-b+1eJOlsR9K8HJpow9Ok3fiWOWSIcIzXodvv0rQjVoOVNpWMpxf1wZNpt4y9h10odCNrqnYp1OBzRktckBe3sA=="
        }
      }
    },
    "node-rsa": {
      "version": "0.4.2",
      "resolved": "https://registry.npmjs.org/node-rsa/-/node-rsa-0.4.2.tgz",
      "integrity": "sha512-Bvso6Zi9LY4otIZefYrscsUpo2mUpiAVIEmSZV2q41sP8tHZoert3Yu6zv4f/RXJqMNZQKCtnhDugIuCma23YA==",
      "requires": {
        "asn1": "0.2.3"
      },
      "dependencies": {
        "asn1": {
          "version": "0.2.3",
          "resolved": "https://registry.npmjs.org/asn1/-/asn1-0.2.3.tgz",
          "integrity": "sha512-6i37w/+EhlWlGUJff3T/Q8u1RGmP5wgbiwYnOnbOqvtrPxT63/sYFyP9RcpxtxGymtfA075IvmOnL7ycNOWl3w=="
        }
      }
    },
    "p-limit": {
      "version": "3.1.0",
      "resolved": "https://registry.npmjs.org/p-limit/-/p-limit-3.1.0.tgz",
      "integrity": "sha512-TYOanM3wGwNGsZN2cVTYPArw454xnXj5qmWF1bEoAc4+cU/ol7GVh7odevjp1FNHduHc3KZMcFduxU5Xc6uJRQ==",
      "requires": {
        "yocto-queue": "^0.1.0"
      }
    },
    "pako": {
      "version": "2.1.0",
      "resolved": "https://registry.npmjs.org/pako/-/pako-2.1.0.tgz",
      "integrity": "sha512-w+eufiZ1WuJYgPXbV/PO3NCMEc3xqylkKHzp8bxp1uW4qaSNQUkwmLLEc3kKsfz8lpV1F8Ht3U1Cm+9Srog2ug=="
    },
    "process": {
      "version": "0.11.10",
      "resolved": "https://registry.npmjs.org/process/-/process-0.11.10.tgz",
      "integrity": "sha512-cdGef/drWFoydD1JsMzuFf8100nZl+GT+yacc2bEced5f9Rjk4z+WtFUTBu9PhOi9j/jfmBPu0mMEY4wIdAF8A=="
    },
    "pvtsutils": {
      "version": "1.3.5",
      "resolved": "https://registry.npmjs.org/pvtsutils/-/pvtsutils-1.3.5.tgz",
      "integrity": "sha512-ARvb14YB9Nm2Xi6nBq1ZX6dAM0FsJnuk+31aUp4TrcZEdKUlSqOqsxJHUPJDNE3qiIp+iUPEIeR6Je/tgV7zsA==",
      "requires": {
        "tslib": "^2.6.1"
      }
    },
    "pvutils": {
      "version": "1.1.3",
      "resolved": "https://registry.npmjs.org/pvutils/-/pvutils-1.1.3.tgz",
      "integrity": "sha512-pMpnA0qRdFp32b1sJl1wOJNxZLQ2cbQx+k6tjNtZ8CpvVhNqEPRgivZ2WOUev2YMajecdH7ctUPDvEe87nariQ=="
    },
    "readline-sync": {
      "version": "1.4.9",
      "resolved": "https://registry.npmjs.org/readline-sync/-/readline-sync-1.4.9.tgz",
      "integrity": "sha512-mp5h1N39kuKbCRGebLPIKTBOhuDw55GaNg5S+K9TW9uDAS1wIHpGUc2YokdUMZJb8GqS49sWmWEDijaESYh0Hg=="
    },
    "reflect-metadata": {
      "version": "0.2.2",
      "resolved": "https://registry.npmjs.org/reflect-metadata/-/reflect-metadata-0.2.2.tgz",
      "integrity": "sha512-urBwgfrvVP/eAyXx4hluJivBKzuEbSQs9rKWCrCkbSxNv8mxPcUZKeuoF3Uy4mJl3Lwprp6yy5/39VWigZ4K6Q=="
    },
    "request-debug": {
      "version": "0.2.0",
      "resolved": "https://registry.npmjs.org/request-debug/-/request-debug-0.2.0.tgz",
      "integrity": "sha512-NWYi/Gz4xKSkK1oPAsLLjMkSbp4aaW77fxPGe7uoKg1bgN7qXKVI5S/Cm/cubTKD62yJd7eKQLdlQ9QRLhgvvA==",
      "requires": {
        "stringify-clone": "^1.0.0"
      }
    },
    "sprintf-js": {
      "version": "1.1.2",
      "resolved": "https://registry.npmjs.org/sprintf-js/-/sprintf-js-1.1.2.tgz",
      "integrity": "sha512-VE0SOVEHCk7Qc8ulkWw3ntAzXuqf7S2lvwQaDLRnUeIEaKNQJzV6BwmLKhOqT61aGhfUMrXeaBk+oDGCzvhcug=="
    },
    "stringify-clone": {
      "version": "1.1.1",
      "resolved": "https://registry.npmjs.org/stringify-clone/-/stringify-clone-1.1.1.tgz",
      "integrity": "sha512-LIFpvBnQJF3ZGoV770s3feH+wRVCMRSisI8fl1E57WfgKOZKUMaC1r4eJXybwGgXZ/iTTJoK/tsOku1GLPyyxQ=="
    },
    "tmp": {
      "version": "0.2.3",
      "resolved": "https://registry.npmjs.org/tmp/-/tmp-0.2.3.tgz",
      "integrity": "sha512-nZD7m9iCPC5g0pYmcaxogYKggSfLsdxl8of3Q/oIbqCqLLIO9IAF0GWjX1z9NZRHPiXv8Wex4yDCaZsgEw0Y8w=="
    },
    "tmp-promise": {
      "version": "3.0.3",
      "resolved": "https://registry.npmjs.org/tmp-promise/-/tmp-promise-3.0.3.tgz",
      "integrity": "sha512-RwM7MoPojPxsOBYnyd2hy0bxtIlVrihNs9pj5SUvY8Zz1sQcQG2tG1hSr8PDxfgEB8RNKDhqbIlroIarSNDNsQ==",
      "requires": {
        "tmp": "^0.2.0"
      }
    },
    "tslib": {
      "version": "2.6.3",
      "resolved": "https://registry.npmjs.org/tslib/-/tslib-2.6.3.tgz",
      "integrity": "sha512-xNvxJEOUiWPGhUuUdQgAJPKOOJfGnIyKySOc09XkKsgdUV/3E2zvwZYdejjmRgPCgcym1juLH3226yA7sEFJKQ=="
    },
    "tsyringe": {
      "version": "4.8.0",
      "resolved": "https://registry.npmjs.org/tsyringe/-/tsyringe-4.8.0.tgz",
      "integrity": "sha512-YB1FG+axdxADa3ncEtRnQCFq/M0lALGLxSZeVNbTU8NqhOVc51nnv2CISTcvc1kyv6EGPtXVr0v6lWeDxiijOA==",
      "requires": {
        "tslib": "^1.9.3"
      },
      "dependencies": {
        "tslib": {
          "version": "1.14.1",
          "resolved": "https://registry.npmjs.org/tslib/-/tslib-1.14.1.tgz",
          "integrity": "sha512-Xni35NKzjgMrwevysHTCArtLDpPvye8zV/0E4EyYn43P7/7qvQwPh9BGkHewbMulVntbigmcT7rdX3BNo9wRJg=="
        }
      }
    },
    "uuid": {
      "version": "7.0.3",
      "resolved": "https://registry.npmjs.org/uuid/-/uuid-7.0.3.tgz",
      "integrity": "sha512-DPSke0pXhTZgoF/d+WSt2QaKMCFSfx7QegxEWT+JOuHF5aWrKEn0G+ztjuJg/gG8/ItK+rbPCD/yNv8yyih6Cg=="
    },
    "xpath": {
      "version": "0.0.32",
      "resolved": "https://registry.npmjs.org/xpath/-/xpath-0.0.32.tgz",
      "integrity": "sha512-rxMJhSIoiO8vXcWvSifKqhvV96GjiD5wYb8/QHdoRyQvraTpp4IEv944nhGausZZ3u7dhQXteZuZbaqfpB7uYw=="
    },
    "yocto-queue": {
      "version": "0.1.0",
      "resolved": "https://registry.npmjs.org/yocto-queue/-/yocto-queue-0.1.0.tgz",
      "integrity": "sha512-rVksvsnNCdJ/ohGc6xgPwyN8eheCxsiLM8mxuE/t/mOVqJewPuO1miLpTHQiRgTKCLexL4MeAFVagts7HmNZ2Q=="
    }
  }
}
